
Microsoft Visual Studio Solution File, Format Version 12.00
# Visual Studio Version 17
VisualStudioVersion = 17.13.35818.85
MinimumVisualStudioVersion = 10.0.40219.1
Project("{FAE04EC0-301F-11D3-BF4B-00C04F79EFBC}") = "Und_System", "Und_System\Und_System.csproj", "{AFDF8466-A492-4721-A8BA-A031D0C58B0C}"
EndProject
Global
	GlobalSection(SolutionConfigurationPlatforms) = preSolution
		Debug|Any CPU = Debug|Any CPU
		Release|Any CPU = Release|Any CPU
	EndGlobalSection
	GlobalSection(ProjectConfigurationPlatforms) = postSolution
		{AFDF8466-A492-4721-A8BA-A031D0C58B0C}.Debug|Any CPU.ActiveCfg = Debug|Any CPU
		{AFDF8466-A492-4721-A8BA-A031D0C58B0C}.Debug|Any CPU.Build.0 = Debug|Any CPU
		{AFDF8466-A492-4721-A8BA-A031D0C58B0C}.Release|Any CPU.ActiveCfg = Release|Any CPU
		{AFDF8466-A492-4721-A8BA-A031D0C58B0C}.Release|Any CPU.Build.0 = Release|Any CPU
	EndGlobalSection
	GlobalSection(SolutionProperties) = preSolution
		HideSolutionNode = FALSE
	EndGlobalSection
	GlobalSection(ExtensibilityGlobals) = postSolution
		SolutionGuid = {0F33D94A-47B2-4D67-B73A-19B02A78ED30}
	EndGlobalSection
EndGlobal
